
Microsoft Visual Studio Solution File, Format Version 12.00
# Visual Studio Version 17
VisualStudioVersion = 17.14.36717.8 d17.14
MinimumVisualStudioVersion = 10.0.40219.1
Project("{888888A0-9F3D-457C-B088-3A5042F75D52}") = "RPG_pyxel", "RPG_pyxel\RPG_pyxel.pyproj", "{AF309FA2-3643-4D8F-88F8-0E5863996DDE}"
EndProject
Global
	GlobalSection(SolutionConfigurationPlatforms) = preSolution
		Debug|Any CPU = Debug|Any CPU
		Release|Any CPU = Release|Any CPU
	EndGlobalSection
	GlobalSection(ProjectConfigurationPlatforms) = postSolution
		{AF309FA2-3643-4D8F-88F8-0E5863996DDE}.Debug|Any CPU.ActiveCfg = Debug|Any CPU
		{AF309FA2-3643-4D8F-88F8-0E5863996DDE}.Release|Any CPU.ActiveCfg = Release|Any CPU
	EndGlobalSection
	GlobalSection(SolutionProperties) = preSolution
		HideSolutionNode = FALSE
	EndGlobalSection
	GlobalSection(ExtensibilityGlobals) = postSolution
		SolutionGuid = {95A4BB16-9B3B-4EDF-9E84-E0E272198460}
	EndGlobalSection
EndGlobal
